
Microsoft Visual Studio Solution File, Format Version 12.00
# Visual Studio Version 17
VisualStudioVersion = 17.0.31903.59
MinimumVisualStudioVersion = 10.0.40219.1
Project("{2150E333-8FDC-42A3-9474-1A3956D46DE8}") = "src", "src", "{827E0CD3-B72D-47B6-A68D-7590B98EB39B}"
EndProject
Project("{8BC9CEB8-8B4A-11D0-8D11-00A0C91BC942}") = "CommMonitor.Driver", "src\CommMonitor.Driver\CommMonitor.Driver.vcxproj", "{2C74927F-93D7-4F41-8A16-2BB09AC2819A}"
EndProject
Project("{FAE04EC0-301F-11D3-BF4B-00C04F79EFBC}") = "CommMonitor.Core", "src\CommMonitor.Core\CommMonitor.Core.csproj", "{E26B5FDE-2D68-4B92-A3E1-97FCE7A263D3}"
EndProject
Project("{2150E333-8FDC-42A3-9474-1A3956D46DE8}") = "tests", "tests", "{0AB3BF05-4346-4AA6-1389-037BE0695223}"
EndProject
Project("{FAE04EC0-301F-11D3-BF4B-00C04F79EFBC}") = "CommMonitor.Core.Tests", "tests\CommMonitor.Core.Tests\CommMonitor.Core.Tests.csproj", "{39DE8BBA-54DB-4A90-AF6E-26D64844BDE8}"
EndProject
Project("{FAE04EC0-301F-11D3-BF4B-00C04F79EFBC}") = "CommMonitor.Service", "src\CommMonitor.Service\CommMonitor.Service.csproj", "{E5AF77C8-6166-4C32-840A-7FA0E1C5C047}"
EndProject
Project("{FAE04EC0-301F-11D3-BF4B-00C04F79EFBC}") = "CommMonitor.Service.Tests", "tests\CommMonitor.Service.Tests\CommMonitor.Service.Tests.csproj", "{CC2CB03E-2FB9-46D4-AEE5-06DDB4BDA886}"
EndProject
Project("{FAE04EC0-301F-11D3-BF4B-00C04F79EFBC}") = "CommMonitor.App", "src\CommMonitor.App\CommMonitor.App.csproj", "{53D9F89B-3510-4E93-B29E-1B9FAD751122}"
EndProject
Project("{FAE04EC0-301F-11D3-BF4B-00C04F79EFBC}") = "CommMonitor.App.Tests", "tests\CommMonitor.App.Tests\CommMonitor.App.Tests.csproj", "{7172D240-07BD-4690-BFF5-27DC9D33E8ED}"
EndProject
Project("{FAE04EC0-301F-11D3-BF4B-00C04F79EFBC}") = "Lemon.UninstallHelper", "src\Lemon.UninstallHelper\Lemon.UninstallHelper.csproj", "{691E2577-38E5-4A3B-A8B4-08DC90F2D5F2}"
EndProject
Project("{FAE04EC0-301F-11D3-BF4B-00C04F79EFBC}") = "Lemon.UninstallHelper.Tests", "tests\Lemon.UninstallHelper.Tests\Lemon.UninstallHelper.Tests.csproj", "{7D0BCB6D-91A8-4D7D-A404-DC620AC695EC}"
EndProject
Project("{FAE04EC0-301F-11D3-BF4B-00C04F79EFBC}") = "Lemon.SerialMonitor.AI", "src\Lemon.SerialMonitor.AI\Lemon.SerialMonitor.AI.csproj", "{8301B0CA-E5B6-4A80-BC99-8288388BD00F}"
EndProject
Project("{FAE04EC0-301F-11D3-BF4B-00C04F79EFBC}") = "Lemon.SerialMonitor.AI.Tests", "tests\Lemon.SerialMonitor.AI.Tests\Lemon.SerialMonitor.AI.Tests.csproj", "{AA359F8C-7707-4300-8C2C-29C79AD47A34}"
EndProject
Global
	GlobalSection(SolutionConfigurationPlatforms) = preSolution
		Debug|Any CPU = Debug|Any CPU
		Debug|x64 = Debug|x64
		Debug|x86 = Debug|x86
		Release|Any CPU = Release|Any CPU
		Release|x64 = Release|x64
		Release|x86 = Release|x86
	EndGlobalSection
	GlobalSection(ProjectConfigurationPlatforms) = postSolution
		{2C74927F-93D7-4F41-8A16-2BB09AC2819A}.Debug|Any CPU.ActiveCfg = Debug|x64
		{2C74927F-93D7-4F41-8A16-2BB09AC2819A}.Debug|x64.ActiveCfg = Debug|x64
		{2C74927F-93D7-4F41-8A16-2BB09AC2819A}.Debug|x64.Build.0 = Debug|x64
		{2C74927F-93D7-4F41-8A16-2BB09AC2819A}.Debug|x86.ActiveCfg = Debug|Win32
		{2C74927F-93D7-4F41-8A16-2BB09AC2819A}.Debug|x86.Build.0 = Debug|Win32
		{2C74927F-93D7-4F41-8A16-2BB09AC2819A}.Release|Any CPU.ActiveCfg = Release|x64
		{2C74927F-93D7-4F41-8A16-2BB09AC2819A}.Release|x64.ActiveCfg = Release|x64
		{2C74927F-93D7-4F41-8A16-2BB09AC2819A}.Release|x64.Build.0 = Release|x64
		{2C74927F-93D7-4F41-8A16-2BB09AC2819A}.Release|x86.ActiveCfg = Release|Win32
		{2C74927F-93D7-4F41-8A16-2BB09AC2819A}.Release|x86.Build.0 = Release|Win32
		{E26B5FDE-2D68-4B92-A3E1-97FCE7A263D3}.Debug|Any CPU.ActiveCfg = Debug|Any CPU
		{E26B5FDE-2D68-4B92-A3E1-97FCE7A263D3}.Debug|Any CPU.Build.0 = Debug|Any CPU
		{E26B5FDE-2D68-4B92-A3E1-97FCE7A263D3}.Debug|x64.ActiveCfg = Debug|Any CPU
		{E26B5FDE-2D68-4B92-A3E1-97FCE7A263D3}.Debug|x64.Build.0 = Debug|Any CPU
		{E26B5FDE-2D68-4B92-A3E1-97FCE7A263D3}.Debug|x86.ActiveCfg = Debug|Any CPU
		{E26B5FDE-2D68-4B92-A3E1-97FCE7A263D3}.Debug|x86.Build.0 = Debug|Any CPU
		{E26B5FDE-2D68-4B92-A3E1-97FCE7A263D3}.Release|Any CPU.ActiveCfg = Release|Any CPU
		{E26B5FDE-2D68-4B92-A3E1-97FCE7A263D3}.Release|Any CPU.Build.0 = Release|Any CPU
		{E26B5FDE-2D68-4B92-A3E1-97FCE7A263D3}.Release|x64.ActiveCfg = Release|Any CPU
		{E26B5FDE-2D68-4B92-A3E1-97FCE7A263D3}.Release|x64.Build.0 = Release|Any CPU
		{E26B5FDE-2D68-4B92-A3E1-97FCE7A263D3}.Release|x86.ActiveCfg = Release|Any CPU
		{E26B5FDE-2D68-4B92-A3E1-97FCE7A263D3}.Release|x86.Build.0 = Release|Any CPU
		{39DE8BBA-54DB-4A90-AF6E-26D64844BDE8}.Debug|Any CPU.ActiveCfg = Debug|Any CPU
		{39DE8BBA-54DB-4A90-AF6E-26D64844BDE8}.Debug|Any CPU.Build.0 = Debug|Any CPU
		{39DE8BBA-54DB-4A90-AF6E-26D64844BDE8}.Debug|x64.ActiveCfg = Debug|Any CPU
		{39DE8BBA-54DB-4A90-AF6E-26D64844BDE8}.Debug|x64.Build.0 = Debug|Any CPU
		{39DE8BBA-54DB-4A90-AF6E-26D64844BDE8}.Debug|x86.ActiveCfg = Debug|Any CPU
		{39DE8BBA-54DB-4A90-AF6E-26D64844BDE8}.Debug|x86.Build.0 = Debug|Any CPU
		{39DE8BBA-54DB-4A90-AF6E-26D64844BDE8}.Release|Any CPU.ActiveCfg = Release|Any CPU
		{39DE8BBA-54DB-4A90-AF6E-26D64844BDE8}.Release|Any CPU.Build.0 = Release|Any CPU
		{39DE8BBA-54DB-4A90-AF6E-26D64844BDE8}.Release|x64.ActiveCfg = Release|Any CPU
		{39DE8BBA-54DB-4A90-AF6E-26D64844BDE8}.Release|x64.Build.0 = Release|Any CPU
		{39DE8BBA-54DB-4A90-AF6E-26D64844BDE8}.Release|x86.ActiveCfg = Release|Any CPU
		{39DE8BBA-54DB-4A90-AF6E-26D64844BDE8}.Release|x86.Build.0 = Release|Any CPU
		{E5AF77C8-6166-4C32-840A-7FA0E1C5C047}.Debug|Any CPU.ActiveCfg = Debug|Any CPU
		{E5AF77C8-6166-4C32-840A-7FA0E1C5C047}.Debug|Any CPU.Build.0 = Debug|Any CPU
		{E5AF77C8-6166-4C32-840A-7FA0E1C5C047}.Debug|x64.ActiveCfg = Debug|Any CPU
		{E5AF77C8-6166-4C32-840A-7FA0E1C5C047}.Debug|x64.Build.0 = Debug|Any CPU
		{E5AF77C8-6166-4C32-840A-7FA0E1C5C047}.Debug|x86.ActiveCfg = Debug|Any CPU
		{E5AF77C8-6166-4C32-840A-7FA0E1C5C047}.Debug|x86.Build.0 = Debug|Any CPU
		{E5AF77C8-6166-4C32-840A-7FA0E1C5C047}.Release|Any CPU.ActiveCfg = Release|Any CPU
		{E5AF77C8-6166-4C32-840A-7FA0E1C5C047}.Release|Any CPU.Build.0 = Release|Any CPU
		{E5AF77C8-6166-4C32-840A-7FA0E1C5C047}.Release|x64.ActiveCfg = Release|Any CPU
		{E5AF77C8-6166-4C32-840A-7FA0E1C5C047}.Release|x64.Build.0 = Release|Any CPU
		{E5AF77C8-6166-4C32-840A-7FA0E1C5C047}.Release|x86.ActiveCfg = Release|Any CPU
		{E5AF77C8-6166-4C32-840A-7FA0E1C5C047}.Release|x86.Build.0 = Release|Any CPU
		{CC2CB03E-2FB9-46D4-AEE5-06DDB4BDA886}.Debug|Any CPU.ActiveCfg = Debug|Any CPU
		{CC2CB03E-2FB9-46D4-AEE5-06DDB4BDA886}.Debug|Any CPU.Build.0 = Debug|Any CPU
		{CC2CB03E-2FB9-46D4-AEE5-06DDB4BDA886}.Debug|x64.ActiveCfg = Debug|Any CPU
		{CC2CB03E-2FB9-46D4-AEE5-06DDB4BDA886}.Debug|x64.Build.0 = Debug|Any CPU
		{CC2CB03E-2FB9-46D4-AEE5-06DDB4BDA886}.Debug|x86.ActiveCfg = Debug|Any CPU
		{CC2CB03E-2FB9-46D4-AEE5-06DDB4BDA886}.Debug|x86.Build.0 = Debug|Any CPU
		{CC2CB03E-2FB9-46D4-AEE5-06DDB4BDA886}.Release|Any CPU.ActiveCfg = Release|Any CPU
		{CC2CB03E-2FB9-46D4-AEE5-06DDB4BDA886}.Release|Any CPU.Build.0 = Release|Any CPU
		{CC2CB03E-2FB9-46D4-AEE5-06DDB4BDA886}.Release|x64.ActiveCfg = Release|Any CPU
		{CC2CB03E-2FB9-46D4-AEE5-06DDB4BDA886}.Release|x64.Build.0 = Release|Any CPU
		{CC2CB03E-2FB9-46D4-AEE5-06DDB4BDA886}.Release|x86.ActiveCfg = Release|Any CPU
		{CC2CB03E-2FB9-46D4-AEE5-06DDB4BDA886}.Release|x86.Build.0 = Release|Any CPU
		{53D9F89B-3510-4E93-B29E-1B9FAD751122}.Debug|Any CPU.ActiveCfg = Debug|x64
		{53D9F89B-3510-4E93-B29E-1B9FAD751122}.Debug|Any CPU.Build.0 = Debug|x64
		{53D9F89B-3510-4E93-B29E-1B9FAD751122}.Debug|x64.ActiveCfg = Debug|x64
		{53D9F89B-3510-4E93-B29E-1B9FAD751122}.Debug|x64.Build.0 = Debug|x64
		{53D9F89B-3510-4E93-B29E-1B9FAD751122}.Debug|x86.ActiveCfg = Debug|Any CPU
		{53D9F89B-3510-4E93-B29E-1B9FAD751122}.Debug|x86.Build.0 = Debug|Any CPU
		{53D9F89B-3510-4E93-B29E-1B9FAD751122}.Release|Any CPU.ActiveCfg = Release|x64
		{53D9F89B-3510-4E93-B29E-1B9FAD751122}.Release|Any CPU.Build.0 = Release|x64
		{53D9F89B-3510-4E93-B29E-1B9FAD751122}.Release|x64.ActiveCfg = Release|x64
		{53D9F89B-3510-4E93-B29E-1B9FAD751122}.Release|x64.Build.0 = Release|x64
		{53D9F89B-3510-4E93-B29E-1B9FAD751122}.Release|x86.ActiveCfg = Release|Any CPU
		{53D9F89B-3510-4E93-B29E-1B9FAD751122}.Release|x86.Build.0 = Release|Any CPU
		{7172D240-07BD-4690-BFF5-27DC9D33E8ED}.Debug|Any CPU.ActiveCfg = Debug|Any CPU
		{7172D240-07BD-4690-BFF5-27DC9D33E8ED}.Debug|Any CPU.Build.0 = Debug|Any CPU
		{7172D240-07BD-4690-BFF5-27DC9D33E8ED}.Debug|x64.ActiveCfg = Debug|Any CPU
		{7172D240-07BD-4690-BFF5-27DC9D33E8ED}.Debug|x64.Build.0 = Debug|Any CPU
		{7172D240-07BD-4690-BFF5-27DC9D33E8ED}.Debug|x86.ActiveCfg = Debug|Any CPU
		{7172D240-07BD-4690-BFF5-27DC9D33E8ED}.Debug|x86.Build.0 = Debug|Any CPU
		{7172D240-07BD-4690-BFF5-27DC9D33E8ED}.Release|Any CPU.ActiveCfg = Release|Any CPU
		{7172D240-07BD-4690-BFF5-27DC9D33E8ED}.Release|Any CPU.Build.0 = Release|Any CPU
		{7172D240-07BD-4690-BFF5-27DC9D33E8ED}.Release|x64.ActiveCfg = Release|Any CPU
		{7172D240-07BD-4690-BFF5-27DC9D33E8ED}.Release|x64.Build.0 = Release|Any CPU
		{7172D240-07BD-4690-BFF5-27DC9D33E8ED}.Release|x86.ActiveCfg = Release|Any CPU
		{7172D240-07BD-4690-BFF5-27DC9D33E8ED}.Release|x86.Build.0 = Release|Any CPU
		{691E2577-38E5-4A3B-A8B4-08DC90F2D5F2}.Debug|Any CPU.ActiveCfg = Debug|x64
		{691E2577-38E5-4A3B-A8B4-08DC90F2D5F2}.Debug|Any CPU.Build.0 = Debug|x64
		{691E2577-38E5-4A3B-A8B4-08DC90F2D5F2}.Debug|x64.ActiveCfg = Debug|x64
		{691E2577-38E5-4A3B-A8B4-08DC90F2D5F2}.Debug|x64.Build.0 = Debug|x64
		{691E2577-38E5-4A3B-A8B4-08DC90F2D5F2}.Debug|x86.ActiveCfg = Debug|Any CPU
		{691E2577-38E5-4A3B-A8B4-08DC90F2D5F2}.Debug|x86.Build.0 = Debug|Any CPU
		{691E2577-38E5-4A3B-A8B4-08DC90F2D5F2}.Release|Any CPU.ActiveCfg = Release|x64
		{691E2577-38E5-4A3B-A8B4-08DC90F2D5F2}.Release|Any CPU.Build.0 = Release|x64
		{691E2577-38E5-4A3B-A8B4-08DC90F2D5F2}.Release|x64.ActiveCfg = Release|x64
		{691E2577-38E5-4A3B-A8B4-08DC90F2D5F2}.Release|x64.Build.0 = Release|x64
		{691E2577-38E5-4A3B-A8B4-08DC90F2D5F2}.Release|x86.ActiveCfg = Release|Any CPU
		{691E2577-38E5-4A3B-A8B4-08DC90F2D5F2}.Release|x86.Build.0 = Release|Any CPU
		{7D0BCB6D-91A8-4D7D-A404-DC620AC695EC}.Debug|Any CPU.ActiveCfg = Debug|x64
		{7D0BCB6D-91A8-4D7D-A404-DC620AC695EC}.Debug|Any CPU.Build.0 = Debug|x64
		{7D0BCB6D-91A8-4D7D-A404-DC620AC695EC}.Debug|x64.ActiveCfg = Debug|x64
		{7D0BCB6D-91A8-4D7D-A404-DC620AC695EC}.Debug|x64.Build.0 = Debug|x64
		{7D0BCB6D-91A8-4D7D-A404-DC620AC695EC}.Debug|x86.ActiveCfg = Debug|Any CPU
		{7D0BCB6D-91A8-4D7D-A404-DC620AC695EC}.Debug|x86.Build.0 = Debug|Any CPU
		{7D0BCB6D-91A8-4D7D-A404-DC620AC695EC}.Release|Any CPU.ActiveCfg = Release|x64
		{7D0BCB6D-91A8-4D7D-A404-DC620AC695EC}.Release|Any CPU.Build.0 = Release|x64
		{7D0BCB6D-91A8-4D7D-A404-DC620AC695EC}.Release|x64.ActiveCfg = Release|x64
		{7D0BCB6D-91A8-4D7D-A404-DC620AC695EC}.Release|x64.Build.0 = Release|x64
		{7D0BCB6D-91A8-4D7D-A404-DC620AC695EC}.Release|x86.ActiveCfg = Release|Any CPU
		{7D0BCB6D-91A8-4D7D-A404-DC620AC695EC}.Release|x86.Build.0 = Release|Any CPU
		{8301B0CA-E5B6-4A80-BC99-8288388BD00F}.Debug|Any CPU.ActiveCfg = Debug|Any CPU
		{8301B0CA-E5B6-4A80-BC99-8288388BD00F}.Debug|Any CPU.Build.0 = Debug|Any CPU
		{8301B0CA-E5B6-4A80-BC99-8288388BD00F}.Debug|x64.ActiveCfg = Debug|Any CPU
		{8301B0CA-E5B6-4A80-BC99-8288388BD00F}.Debug|x64.Build.0 = Debug|Any CPU
		{8301B0CA-E5B6-4A80-BC99-8288388BD00F}.Debug|x86.ActiveCfg = Debug|Any CPU
		{8301B0CA-E5B6-4A80-BC99-8288388BD00F}.Debug|x86.Build.0 = Debug|Any CPU
		{8301B0CA-E5B6-4A80-BC99-8288388BD00F}.Release|Any CPU.ActiveCfg = Release|Any CPU
		{8301B0CA-E5B6-4A80-BC99-8288388BD00F}.Release|Any CPU.Build.0 = Release|Any CPU
		{8301B0CA-E5B6-4A80-BC99-8288388BD00F}.Release|x64.ActiveCfg = Release|Any CPU
		{8301B0CA-E5B6-4A80-BC99-8288388BD00F}.Release|x64.Build.0 = Release|Any CPU
		{8301B0CA-E5B6-4A80-BC99-8288388BD00F}.Release|x86.ActiveCfg = Release|Any CPU
		{8301B0CA-E5B6-4A80-BC99-8288388BD00F}.Release|x86.Build.0 = Release|Any CPU
		{AA359F8C-7707-4300-8C2C-29C79AD47A34}.Debug|Any CPU.ActiveCfg = Debug|Any CPU
		{AA359F8C-7707-4300-8C2C-29C79AD47A34}.Debug|Any CPU.Build.0 = Debug|Any CPU
		{AA359F8C-7707-4300-8C2C-29C79AD47A34}.Debug|x64.ActiveCfg = Debug|Any CPU
		{AA359F8C-7707-4300-8C2C-29C79AD47A34}.Debug|x64.Build.0 = Debug|Any CPU
		{AA359F8C-7707-4300-8C2C-29C79AD47A34}.Debug|x86.ActiveCfg = Debug|Any CPU
		{AA359F8C-7707-4300-8C2C-29C79AD47A34}.Debug|x86.Build.0 = Debug|Any CPU
		{AA359F8C-7707-4300-8C2C-29C79AD47A34}.Release|Any CPU.ActiveCfg = Release|Any CPU
		{AA359F8C-7707-4300-8C2C-29C79AD47A34}.Release|Any CPU.Build.0 = Release|Any CPU
		{AA359F8C-7707-4300-8C2C-29C79AD47A34}.Release|x64.ActiveCfg = Release|Any CPU
		{AA359F8C-7707-4300-8C2C-29C79AD47A34}.Release|x64.Build.0 = Release|Any CPU
		{AA359F8C-7707-4300-8C2C-29C79AD47A34}.Release|x86.ActiveCfg = Release|Any CPU
		{AA359F8C-7707-4300-8C2C-29C79AD47A34}.Release|x86.Build.0 = Release|Any CPU
	EndGlobalSection
	GlobalSection(SolutionProperties) = preSolution
		HideSolutionNode = FALSE
	EndGlobalSection
	GlobalSection(NestedProjects) = preSolution
		{2C74927F-93D7-4F41-8A16-2BB09AC2819A} = {827E0CD3-B72D-47B6-A68D-7590B98EB39B}
		{E26B5FDE-2D68-4B92-A3E1-97FCE7A263D3} = {827E0CD3-B72D-47B6-A68D-7590B98EB39B}
		{39DE8BBA-54DB-4A90-AF6E-26D64844BDE8} = {0AB3BF05-4346-4AA6-1389-037BE0695223}
		{E5AF77C8-6166-4C32-840A-7FA0E1C5C047} = {827E0CD3-B72D-47B6-A68D-7590B98EB39B}
		{CC2CB03E-2FB9-46D4-AEE5-06DDB4BDA886} = {0AB3BF05-4346-4AA6-1389-037BE0695223}
		{53D9F89B-3510-4E93-B29E-1B9FAD751122} = {827E0CD3-B72D-47B6-A68D-7590B98EB39B}
		{7172D240-07BD-4690-BFF5-27DC9D33E8ED} = {0AB3BF05-4346-4AA6-1389-037BE0695223}
		{691E2577-38E5-4A3B-A8B4-08DC90F2D5F2} = {827E0CD3-B72D-47B6-A68D-7590B98EB39B}
		{7D0BCB6D-91A8-4D7D-A404-DC620AC695EC} = {0AB3BF05-4346-4AA6-1389-037BE0695223}
		{8301B0CA-E5B6-4A80-BC99-8288388BD00F} = {827E0CD3-B72D-47B6-A68D-7590B98EB39B}
		{AA359F8C-7707-4300-8C2C-29C79AD47A34} = {0AB3BF05-4346-4AA6-1389-037BE0695223}
	EndGlobalSection
EndGlobal
